
Microsoft Visual Studio Solution File, Format Version 12.00
# Visual Studio Version 17
VisualStudioVersion = 17.6.33723.286
MinimumVisualStudioVersion = 10.0.40219.1
Project("{FAE04EC0-301F-11D3-BF4B-00C04F79EFBC}") = "1_Loops_Ulearn", "1_Loops_Ulearn\1_Loops_Ulearn.csproj", "{2553FC8D-953D-460F-A6A4-DECB5EADA31B}"
EndProject
Global
	GlobalSection(SolutionConfigurationPlatforms) = preSolution
		Debug|Any CPU = Debug|Any CPU
		Release|Any CPU = Release|Any CPU
	EndGlobalSection
	GlobalSection(ProjectConfigurationPlatforms) = postSolution
		{2553FC8D-953D-460F-A6A4-DECB5EADA31B}.Debug|Any CPU.ActiveCfg = Debug|Any CPU
		{2553FC8D-953D-460F-A6A4-DECB5EADA31B}.Debug|Any CPU.Build.0 = Debug|Any CPU
		{2553FC8D-953D-460F-A6A4-DECB5EADA31B}.Release|Any CPU.ActiveCfg = Release|Any CPU
		{2553FC8D-953D-460F-A6A4-DECB5EADA31B}.Release|Any CPU.Build.0 = Release|Any CPU
	EndGlobalSection
	GlobalSection(SolutionProperties) = preSolution
		HideSolutionNode = FALSE
	EndGlobalSection
	GlobalSection(ExtensibilityGlobals) = postSolution
		SolutionGuid = {35488A3A-B5EE-4EE1-97A1-4BCAA30F9C0D}
	EndGlobalSection
EndGlobal
