
Microsoft Visual Studio Solution File, Format Version 12.00
# Visual Studio Version 17
VisualStudioVersion = 17.6.33723.286
MinimumVisualStudioVersion = 10.0.40219.1
Project("{9A19103F-16F7-4668-BE54-9A1E7A4F7556}") = "1_Loops_Ulearn", "1_Loops_Ulearn\1_Loops_Ulearn.csproj", "{2553FC8D-953D-460F-A6A4-DECB5EADA31B}"
EndProject
Project("{FAE04EC0-301F-11D3-BF4B-00C04F79EFBC}") = "2_Loops_Ulearn", "2_Loops_Ulearn\2_Loops_Ulearn.csproj", "{D12A296C-1C23-4430-A16F-2809B9E13497}"
EndProject
Project("{FAE04EC0-301F-11D3-BF4B-00C04F79EFBC}") = "7_Kata_1", "7_Kata_1\7_Kata_1.csproj", "{A2C7BF6F-E0CD-4A02-8415-32A1D9D4D699}"
EndProject
Project("{FAE04EC0-301F-11D3-BF4B-00C04F79EFBC}") = "7_Kata_2", "7_Kata_2\7_Kata_2.csproj", "{F7AEDA74-8D26-40D8-8826-0884B8B2FD69}"
EndProject
Global
	GlobalSection(SolutionConfigurationPlatforms) = preSolution
		Debug|Any CPU = Debug|Any CPU
		Release|Any CPU = Release|Any CPU
	EndGlobalSection
	GlobalSection(ProjectConfigurationPlatforms) = postSolution
		{2553FC8D-953D-460F-A6A4-DECB5EADA31B}.Debug|Any CPU.ActiveCfg = Debug|Any CPU
		{2553FC8D-953D-460F-A6A4-DECB5EADA31B}.Debug|Any CPU.Build.0 = Debug|Any CPU
		{2553FC8D-953D-460F-A6A4-DECB5EADA31B}.Release|Any CPU.ActiveCfg = Release|Any CPU
		{2553FC8D-953D-460F-A6A4-DECB5EADA31B}.Release|Any CPU.Build.0 = Release|Any CPU
		{D12A296C-1C23-4430-A16F-2809B9E13497}.Debug|Any CPU.ActiveCfg = Debug|Any CPU
		{D12A296C-1C23-4430-A16F-2809B9E13497}.Debug|Any CPU.Build.0 = Debug|Any CPU
		{D12A296C-1C23-4430-A16F-2809B9E13497}.Release|Any CPU.ActiveCfg = Release|Any CPU
		{D12A296C-1C23-4430-A16F-2809B9E13497}.Release|Any CPU.Build.0 = Release|Any CPU
		{A2C7BF6F-E0CD-4A02-8415-32A1D9D4D699}.Debug|Any CPU.ActiveCfg = Debug|Any CPU
		{A2C7BF6F-E0CD-4A02-8415-32A1D9D4D699}.Debug|Any CPU.Build.0 = Debug|Any CPU
		{A2C7BF6F-E0CD-4A02-8415-32A1D9D4D699}.Release|Any CPU.ActiveCfg = Release|Any CPU
		{A2C7BF6F-E0CD-4A02-8415-32A1D9D4D699}.Release|Any CPU.Build.0 = Release|Any CPU
		{F7AEDA74-8D26-40D8-8826-0884B8B2FD69}.Debug|Any CPU.ActiveCfg = Debug|Any CPU
		{F7AEDA74-8D26-40D8-8826-0884B8B2FD69}.Debug|Any CPU.Build.0 = Debug|Any CPU
		{F7AEDA74-8D26-40D8-8826-0884B8B2FD69}.Release|Any CPU.ActiveCfg = Release|Any CPU
		{F7AEDA74-8D26-40D8-8826-0884B8B2FD69}.Release|Any CPU.Build.0 = Release|Any CPU
	EndGlobalSection
	GlobalSection(SolutionProperties) = preSolution
		HideSolutionNode = FALSE
	EndGlobalSection
	GlobalSection(ExtensibilityGlobals) = postSolution
		SolutionGuid = {35488A3A-B5EE-4EE1-97A1-4BCAA30F9C0D}
	EndGlobalSection
EndGlobal
